// !$*UTF8*$!
{
	archiveVersion = 1;
	classes = {
	};
	objectVersion = 50;
	objects = {

/* Begin PBXBuildFile section */
		044DE0E120ACF504009EB602 /* DB.swift in Sources */ = {isa = PBXBuildFile; fileRef = 044DE0E020ACF504009EB602 /* DB.swift */; };
		04D8BA7120ACEA1300C1EB75 /* AppDelegate.swift in Sources */ = {isa = PBXBuildFile; fileRef = 04D8BA7020ACEA1300C1EB75 /* AppDelegate.swift */; };
		04D8BA7320ACEA1300C1EB75 /* ViewController.swift in Sources */ = {isa = PBXBuildFile; fileRef = 04D8BA7220ACEA1300C1EB75 /* ViewController.swift */; };
		04D8BA7620ACEA1300C1EB75 /* Main.storyboard in Resources */ = {isa = PBXBuildFile; fileRef = 04D8BA7420ACEA1300C1EB75 /* Main.storyboard */; };
		04D8BA7820ACEA1400C1EB75 /* Assets.xcassets in Resources */ = {isa = PBXBuildFile; fileRef = 04D8BA7720ACEA1400C1EB75 /* Assets.xcassets */; };
		04D8BA7B20ACEA1400C1EB75 /* LaunchScreen.storyboard in Resources */ = {isa = PBXBuildFile; fileRef = 04D8BA7920ACEA1400C1EB75 /* LaunchScreen.storyboard */; };
		04D8BA8420ACF0E000C1EB75 /* RegisterViewController.swift in Sources */ = {isa = PBXBuildFile; fileRef = 04D8BA8320ACF0E000C1EB75 /* RegisterViewController.swift */; };
		04D8BA8820ACF30100C1EB75 /* GoogleService-Info.plist in Resources */ = {isa = PBXBuildFile; fileRef = 04D8BA8720ACF30100C1EB75 /* GoogleService-Info.plist */; };
		60098AD921C5BEC5F7EDC44C /* Pods_Bracket_Challenge.framework in Frameworks */ = {isa = PBXBuildFile; fileRef = FB5825C1BA6CC18DA6108779 /* Pods_Bracket_Challenge.framework */; };
/* End PBXBuildFile section */

/* Begin PBXFileReference section */
		044DE0E020ACF504009EB602 /* DB.swift */ = {isa = PBXFileReference; lastKnownFileType = sourcecode.swift; path = DB.swift; sourceTree = "<group>"; };
		04D8BA6D20ACEA1300C1EB75 /* Bracket Challenge.app */ = {isa = PBXFileReference; explicitFileType = wrapper.application; includeInIndex = 0; path = "Bracket Challenge.app"; sourceTree = BUILT_PRODUCTS_DIR; };
		04D8BA7020ACEA1300C1EB75 /* AppDelegate.swift */ = {isa = PBXFileReference; lastKnownFileType = sourcecode.swift; path = AppDelegate.swift; sourceTree = "<group>"; };
		04D8BA7220ACEA1300C1EB75 /* ViewController.swift */ = {isa = PBXFileReference; lastKnownFileType = sourcecode.swift; path = ViewController.swift; sourceTree = "<group>"; };
		04D8BA7520ACEA1300C1EB75 /* Base */ = {isa = PBXFileReference; lastKnownFileType = file.storyboard; name = Base; path = Base.lproj/Main.storyboard; sourceTree = "<group>"; };
		04D8BA7720ACEA1400C1EB75 /* Assets.xcassets */ = {isa = PBXFileReference; lastKnownFileType = folder.assetcatalog; path = Assets.xcassets; sourceTree = "<group>"; };
		04D8BA7A20ACEA1400C1EB75 /* Base */ = {isa = PBXFileReference; lastKnownFileType = file.storyboard; name = Base; path = Base.lproj/LaunchScreen.storyboard; sourceTree = "<group>"; };
		04D8BA7C20ACEA1400C1EB75 /* Info.plist */ = {isa = PBXFileReference; lastKnownFileType = text.plist.xml; path = Info.plist; sourceTree = "<group>"; };
		04D8BA8320ACF0E000C1EB75 /* RegisterViewController.swift */ = {isa = PBXFileReference; lastKnownFileType = sourcecode.swift; path = RegisterViewController.swift; sourceTree = "<group>"; };
		04D8BA8720ACF30100C1EB75 /* GoogleService-Info.plist */ = {isa = PBXFileReference; fileEncoding = 4; lastKnownFileType = text.plist.xml; path = "GoogleService-Info.plist"; sourceTree = "<group>"; };
		4C8D8DEC4FE9299EA9E858E1 /* Pods-Bracket Challenge.release.xcconfig */ = {isa = PBXFileReference; includeInIndex = 1; lastKnownFileType = text.xcconfig; name = "Pods-Bracket Challenge.release.xcconfig"; path = "Pods/Target Support Files/Pods-Bracket Challenge/Pods-Bracket Challenge.release.xcconfig"; sourceTree = "<group>"; };
		AF14E0421D4EBCD0EBCBD667 /* Pods-Bracket Challenge.debug.xcconfig */ = {isa = PBXFileReference; includeInIndex = 1; lastKnownFileType = text.xcconfig; name = "Pods-Bracket Challenge.debug.xcconfig"; path = "Pods/Target Support Files/Pods-Bracket Challenge/Pods-Bracket Challenge.debug.xcconfig"; sourceTree = "<group>"; };
		FB5825C1BA6CC18DA6108779 /* Pods_Bracket_Challenge.framework */ = {isa = PBXFileReference; explicitFileType = wrapper.framework; includeInIndex = 0; path = Pods_Bracket_Challenge.framework; sourceTree = BUILT_PRODUCTS_DIR; };
/* End PBXFileReference section */

/* Begin PBXFrameworksBuildPhase section */
		04D8BA6A20ACEA1300C1EB75 /* Frameworks */ = {
			isa = PBXFrameworksBuildPhase;
			buildActionMask = 2147483647;
			files = (
				60098AD921C5BEC5F7EDC44C /* Pods_Bracket_Challenge.framework in Frameworks */,
			);
			runOnlyForDeploymentPostprocessing = 0;
		};
/* End PBXFrameworksBuildPhase section */

/* Begin PBXGroup section */
		04D8BA6420ACEA1300C1EB75 = {
			isa = PBXGroup;
			children = (
				04D8BA6F20ACEA1300C1EB75 /* Bracket Challenge */,
				04D8BA6E20ACEA1300C1EB75 /* Products */,
				9B2C9E371B5679ECE1A930FF /* Pods */,
				BF893E1EE24F2902AC723439 /* Frameworks */,
			);
			sourceTree = "<group>";
		};
		04D8BA6E20ACEA1300C1EB75 /* Products */ = {
			isa = PBXGroup;
			children = (
				04D8BA6D20ACEA1300C1EB75 /* Bracket Challenge.app */,
			);
			name = Products;
			sourceTree = "<group>";
		};
		04D8BA6F20ACEA1300C1EB75 /* Bracket Challenge */ = {
			isa = PBXGroup;
			children = (
				04D8BA8220ACF0B900C1EB75 /* Login and Register */,
				04D8BA7020ACEA1300C1EB75 /* AppDelegate.swift */,
				04D8BA7420ACEA1300C1EB75 /* Main.storyboard */,
				04D8BA7720ACEA1400C1EB75 /* Assets.xcassets */,
				04D8BA7920ACEA1400C1EB75 /* LaunchScreen.storyboard */,
				04D8BA7C20ACEA1400C1EB75 /* Info.plist */,
				04D8BA8720ACF30100C1EB75 /* GoogleService-Info.plist */,
				044DE0E020ACF504009EB602 /* DB.swift */,
			);
			path = "Bracket Challenge";
			sourceTree = "<group>";
		};
		04D8BA8220ACF0B900C1EB75 /* Login and Register */ = {
			isa = PBXGroup;
			children = (
				04D8BA7220ACEA1300C1EB75 /* ViewController.swift */,
				04D8BA8320ACF0E000C1EB75 /* RegisterViewController.swift */,
			);
			path = "Login and Register";
			sourceTree = "<group>";
		};
		9B2C9E371B5679ECE1A930FF /* Pods */ = {
			isa = PBXGroup;
			children = (
				AF14E0421D4EBCD0EBCBD667 /* Pods-Bracket Challenge.debug.xcconfig */,
				4C8D8DEC4FE9299EA9E858E1 /* Pods-Bracket Challenge.release.xcconfig */,
			);
			name = Pods;
			sourceTree = "<group>";
		};
		BF893E1EE24F2902AC723439 /* Frameworks */ = {
			isa = PBXGroup;
			children = (
				FB5825C1BA6CC18DA6108779 /* Pods_Bracket_Challenge.framework */,
			);
			name = Frameworks;
			sourceTree = "<group>";
		};
/* End PBXGroup section */

/* Begin PBXNativeTarget section */
		04D8BA6C20ACEA1300C1EB75 /* Bracket Challenge */ = {
			isa = PBXNativeTarget;
			buildConfigurationList = 04D8BA7F20ACEA1400C1EB75 /* Build configuration list for PBXNativeTarget "Bracket Challenge" */;
			buildPhases = (
				47C9CC4830FF75DAE2147A88 /* [CP] Check Pods Manifest.lock */,
				04D8BA6920ACEA1300C1EB75 /* Sources */,
				04D8BA6A20ACEA1300C1EB75 /* Frameworks */,
				04D8BA6B20ACEA1300C1EB75 /* Resources */,
				5C59B0FF66F769CDBFDEB705 /* [CP] Embed Pods Frameworks */,
			);
			buildRules = (
			);
			dependencies = (
			);
			name = "Bracket Challenge";
			productName = "Bracket Challenge";
			productReference = 04D8BA6D20ACEA1300C1EB75 /* Bracket Challenge.app */;
			productType = "com.apple.product-type.application";
		};
/* End PBXNativeTarget section */

/* Begin PBXProject section */
		04D8BA6520ACEA1300C1EB75 /* Project object */ = {
			isa = PBXProject;
			attributes = {
				LastSwiftUpdateCheck = 0930;
				LastUpgradeCheck = 0930;
				ORGANIZATIONNAME = "Nate Gygi";
				TargetAttributes = {
					04D8BA6C20ACEA1300C1EB75 = {
						CreatedOnToolsVersion = 9.3;
					};
				};
			};
			buildConfigurationList = 04D8BA6820ACEA1300C1EB75 /* Build configuration list for PBXProject "Bracket Challenge" */;
			compatibilityVersion = "Xcode 9.3";
			developmentRegion = en;
			hasScannedForEncodings = 0;
			knownRegions = (
				en,
				Base,
			);
			mainGroup = 04D8BA6420ACEA1300C1EB75;
			productRefGroup = 04D8BA6E20ACEA1300C1EB75 /* Products */;
			projectDirPath = "";
			projectRoot = "";
			targets = (
				04D8BA6C20ACEA1300C1EB75 /* Bracket Challenge */,
			);
		};
/* End PBXProject section */

/* Begin PBXResourcesBuildPhase section */
		04D8BA6B20ACEA1300C1EB75 /* Resources */ = {
			isa = PBXResourcesBuildPhase;
			buildActionMask = 2147483647;
			files = (
				04D8BA7B20ACEA1400C1EB75 /* LaunchScreen.storyboard in Resources */,
				04D8BA8820ACF30100C1EB75 /* GoogleService-Info.plist in Resources */,
				04D8BA7820ACEA1400C1EB75 /* Assets.xcassets in Resources */,
				04D8BA7620ACEA1300C1EB75 /* Main.storyboard in Resources */,
			);
			runOnlyForDeploymentPostprocessing = 0;
		};
/* End PBXResourcesBuildPhase section */

/* Begin PBXShellScriptBuildPhase section */
		47C9CC4830FF75DAE2147A88 /* [CP] Check Pods Manifest.lock */ = {
			isa = PBXShellScriptBuildPhase;
			buildActionMask = 2147483647;
			files = (
			);
			inputPaths = (
				"${PODS_PODFILE_DIR_PATH}/Podfile.lock",
				"${PODS_ROOT}/Manifest.lock",
			);
			name = "[CP] Check Pods Manifest.lock";
			outputPaths = (
				"$(DERIVED_FILE_DIR)/Pods-Bracket Challenge-checkManifestLockResult.txt",
			);
			runOnlyForDeploymentPostprocessing = 0;
			shellPath = /bin/sh;
			shellScript = "diff \"${PODS_PODFILE_DIR_PATH}/Podfile.lock\" \"${PODS_ROOT}/Manifest.lock\" > /dev/null\nif [ $? != 0 ] ; then\n    # print error to STDERR\n    echo \"error: The sandbox is not in sync with the Podfile.lock. Run 'pod install' or update your CocoaPods installation.\" >&2\n    exit 1\nfi\n# This output is used by Xcode 'outputs' to avoid re-running this script phase.\necho \"SUCCESS\" > \"${SCRIPT_OUTPUT_FILE_0}\"\n";
			showEnvVarsInLog = 0;
		};
		5C59B0FF66F769CDBFDEB705 /* [CP] Embed Pods Frameworks */ = {
			isa = PBXShellScriptBuildPhase;
			buildActionMask = 2147483647;
			files = (
			);
			inputPaths = (
				"${SRCROOT}/Pods/Target Support Files/Pods-Bracket Challenge/Pods-Bracket Challenge-frameworks.sh",
				"${BUILT_PRODUCTS_DIR}/GTMSessionFetcher/GTMSessionFetcher.framework",
				"${BUILT_PRODUCTS_DIR}/GoogleToolboxForMac/GoogleToolboxForMac.framework",
				"${BUILT_PRODUCTS_DIR}/leveldb-library/leveldb.framework",
				"${BUILT_PRODUCTS_DIR}/nanopb/nanopb.framework",
			);
			name = "[CP] Embed Pods Frameworks";
			outputPaths = (
				"${TARGET_BUILD_DIR}/${FRAMEWORKS_FOLDER_PATH}/GTMSessionFetcher.framework",
				"${TARGET_BUILD_DIR}/${FRAMEWORKS_FOLDER_PATH}/GoogleToolboxForMac.framework",
				"${TARGET_BUILD_DIR}/${FRAMEWORKS_FOLDER_PATH}/leveldb.framework",
				"${TARGET_BUILD_DIR}/${FRAMEWORKS_FOLDER_PATH}/nanopb.framework",
			);
			runOnlyForDeploymentPostprocessing = 0;
			shellPath = /bin/sh;
			shellScript = "\"${SRCROOT}/Pods/Target Support Files/Pods-Bracket Challenge/Pods-Bracket Challenge-frameworks.sh\"\n";
			showEnvVarsInLog = 0;
		};
/* End PBXShellScriptBuildPhase section */

/* Begin PBXSourcesBuildPhase section */
		04D8BA6920ACEA1300C1EB75 /* Sources */ = {
			isa = PBXSourcesBuildPhase;
			buildActionMask = 2147483647;
			files = (
				04D8BA8420ACF0E000C1EB75 /* RegisterViewController.swift in Sources */,
				044DE0E120ACF504009EB602 /* DB.swift in Sources */,
				04D8BA7320ACEA1300C1EB75 /* ViewController.swift in Sources */,
				04D8BA7120ACEA1300C1EB75 /* AppDelegate.swift in Sources */,
			);
			runOnlyForDeploymentPostprocessing = 0;
		};
/* End PBXSourcesBuildPhase section */

/* Begin PBXVariantGroup section */
		04D8BA7420ACEA1300C1EB75 /* Main.storyboard */ = {
			isa = PBXVariantGroup;
			children = (
				04D8BA7520ACEA1300C1EB75 /* Base */,
			);
			name = Main.storyboard;
			sourceTree = "<group>";
		};
		04D8BA7920ACEA1400C1EB75 /* LaunchScreen.storyboard */ = {
			isa = PBXVariantGroup;
			children = (
				04D8BA7A20ACEA1400C1EB75 /* Base */,
			);
			name = LaunchScreen.storyboard;
			sourceTree = "<group>";
		};
/* End PBXVariantGroup section */

/* Begin XCBuildConfiguration section */
		04D8BA7D20ACEA1400C1EB75 /* Debug */ = {
			isa = XCBuildConfiguration;
			buildSettings = {
				ALWAYS_SEARCH_USER_PATHS = NO;
				CLANG_ANALYZER_NONNULL = YES;
				CLANG_ANALYZER_NUMBER_OBJECT_CONVERSION = YES_AGGRESSIVE;
				CLANG_CXX_LANGUAGE_STANDARD = "gnu++14";
				CLANG_CXX_LIBRARY = "libc++";
				CLANG_ENABLE_MODULES = YES;
				CLANG_ENABLE_OBJC_ARC = YES;
				CLANG_ENABLE_OBJC_WEAK = YES;
				CLANG_WARN_BLOCK_CAPTURE_AUTORELEASING = YES;
				CLANG_WARN_BOOL_CONVERSION = YES;
				CLANG_WARN_COMMA = YES;
				CLANG_WARN_CONSTANT_CONVERSION = YES;
				CLANG_WARN_DEPRECATED_OBJC_IMPLEMENTATIONS = YES;
				CLANG_WARN_DIRECT_OBJC_ISA_USAGE = YES_ERROR;
				CLANG_WARN_DOCUMENTATION_COMMENTS = YES;
				CLANG_WARN_EMPTY_BODY = YES;
				CLANG_WARN_ENUM_CONVERSION = YES;
				CLANG_WARN_INFINITE_RECURSION = YES;
				CLANG_WARN_INT_CONVERSION = YES;
				CLANG_WARN_NON_LITERAL_NULL_CONVERSION = YES;
				CLANG_WARN_OBJC_IMPLICIT_RETAIN_SELF = YES;
				CLANG_WARN_OBJC_LITERAL_CONVERSION = YES;
				CLANG_WARN_OBJC_ROOT_CLASS = YES_ERROR;
				CLANG_WARN_RANGE_LOOP_ANALYSIS = YES;
				CLANG_WARN_STRICT_PROTOTYPES = YES;
				CLANG_WARN_SUSPICIOUS_MOVE = YES;
				CLANG_WARN_UNGUARDED_AVAILABILITY = YES_AGGRESSIVE;
				CLANG_WARN_UNREACHABLE_CODE = YES;
				CLANG_WARN__DUPLICATE_METHOD_MATCH = YES;
				CODE_SIGN_IDENTITY = "iPhone Developer";
				COPY_PHASE_STRIP = NO;
				DEBUG_INFORMATION_FORMAT = dwarf;
				ENABLE_STRICT_OBJC_MSGSEND = YES;
				ENABLE_TESTABILITY = YES;
				GCC_C_LANGUAGE_STANDARD = gnu11;
				GCC_DYNAMIC_NO_PIC = NO;
				GCC_NO_COMMON_BLOCKS = YES;
				GCC_OPTIMIZATION_LEVEL = 0;
				GCC_PREPROCESSOR_DEFINITIONS = (
					"DEBUG=1",
					"$(inherited)",
				);
				GCC_WARN_64_TO_32_BIT_CONVERSION = YES;
				GCC_WARN_ABOUT_RETURN_TYPE = YES_ERROR;
				GCC_WARN_UNDECLARED_SELECTOR = YES;
				GCC_WARN_UNINITIALIZED_AUTOS = YES_AGGRESSIVE;
				GCC_WARN_UNUSED_FUNCTION = YES;
				GCC_WARN_UNUSED_VARIABLE = YES;
				IPHONEOS_DEPLOYMENT_TARGET = 11.3;
				MTL_ENABLE_DEBUG_INFO = YES;
				ONLY_ACTIVE_ARCH = YES;
				SDKROOT = iphoneos;
				SWIFT_ACTIVE_COMPILATION_CONDITIONS = DEBUG;
				SWIFT_OPTIMIZATION_LEVEL = "-Onone";
			};
			name = Debug;
		};
		04D8BA7E20ACEA1400C1EB75 /* Release */ = {
			isa = XCBuildConfiguration;
			buildSettings = {
				ALWAYS_SEARCH_USER_PATHS = NO;
				CLANG_ANALYZER_NONNULL = YES;
				CLANG_ANALYZER_NUMBER_OBJECT_CONVERSION = YES_AGGRESSIVE;
				CLANG_CXX_LANGUAGE_STANDARD = "gnu++14";
				CLANG_CXX_LIBRARY = "libc++";
				CLANG_ENABLE_MODULES = YES;
				CLANG_ENABLE_OBJC_ARC = YES;
				CLANG_ENABLE_OBJC_WEAK = YES;
				CLANG_WARN_BLOCK_CAPTURE_AUTORELEASING = YES;
				CLANG_WARN_BOOL_CONVERSION = YES;
				CLANG_WARN_COMMA = YES;
				CLANG_WARN_CONSTANT_CONVERSION = YES;
				CLANG_WARN_DEPRECATED_OBJC_IMPLEMENTATIONS = YES;
				CLANG_WARN_DIRECT_OBJC_ISA_USAGE = YES_ERROR;
				CLANG_WARN_DOCUMENTATION_COMMENTS = YES;
				CLANG_WARN_EMPTY_BODY = YES;
				CLANG_WARN_ENUM_CONVERSION = YES;
				CLANG_WARN_INFINITE_RECURSION = YES;
				CLANG_WARN_INT_CONVERSION = YES;
				CLANG_WARN_NON_LITERAL_NULL_CONVERSION = YES;
				CLANG_WARN_OBJC_IMPLICIT_RETAIN_SELF = YES;
				CLANG_WARN_OBJC_LITERAL_CONVERSION = YES;
				CLANG_WARN_OBJC_ROOT_CLASS = YES_ERROR;
				CLANG_WARN_RANGE_LOOP_ANALYSIS = YES;
				CLANG_WARN_STRICT_PROTOTYPES = YES;
				CLANG_WARN_SUSPICIOUS_MOVE = YES;
				CLANG_WARN_UNGUARDED_AVAILABILITY = YES_AGGRESSIVE;
				CLANG_WARN_UNREACHABLE_CODE = YES;
				CLANG_WARN__DUPLICATE_METHOD_MATCH = YES;
				CODE_SIGN_IDENTITY = "iPhone Developer";
				COPY_PHASE_STRIP = NO;
				DEBUG_INFORMATION_FORMAT = "dwarf-with-dsym";
				ENABLE_NS_ASSERTIONS = NO;
				ENABLE_STRICT_OBJC_MSGSEND = YES;
				GCC_C_LANGUAGE_STANDARD = gnu11;
				GCC_NO_COMMON_BLOCKS = YES;
				GCC_WARN_64_TO_32_BIT_CONVERSION = YES;
				GCC_WARN_ABOUT_RETURN_TYPE = YES_ERROR;
				GCC_WARN_UNDECLARED_SELECTOR = YES;
				GCC_WARN_UNINITIALIZED_AUTOS = YES_AGGRESSIVE;
				GCC_WARN_UNUSED_FUNCTION = YES;
				GCC_WARN_UNUSED_VARIABLE = YES;
				IPHONEOS_DEPLOYMENT_TARGET = 11.3;
				MTL_ENABLE_DEBUG_INFO = NO;
				SDKROOT = iphoneos;
				SWIFT_COMPILATION_MODE = wholemodule;
				SWIFT_OPTIMIZATION_LEVEL = "-O";
				VALIDATE_PRODUCT = YES;
			};
			name = Release;
		};
		04D8BA8020ACEA1400C1EB75 /* Debug */ = {
			isa = XCBuildConfiguration;
			baseConfigurationReference = AF14E0421D4EBCD0EBCBD667 /* Pods-Bracket Challenge.debug.xcconfig */;
			buildSettings = {
				ASSETCATALOG_COMPILER_APPICON_NAME = AppIcon;
				CODE_SIGN_STYLE = Automatic;
				DEVELOPMENT_TEAM = 6K22884XC8;
				INFOPLIST_FILE = "Bracket Challenge/Info.plist";
				LD_RUNPATH_SEARCH_PATHS = (
					"$(inherited)",
					"@executable_path/Frameworks",
				);
				PRODUCT_BUNDLE_IDENTIFIER = "nategreat13.Bracket-Challenge";
				PRODUCT_NAME = "$(TARGET_NAME)";
				SWIFT_VERSION = 4.0;
				TARGETED_DEVICE_FAMILY = "1,2";
			};
			name = Debug;
		};
		04D8BA8120ACEA1400C1EB75 /* Release */ = {
			isa = XCBuildConfiguration;
			baseConfigurationReference = 4C8D8DEC4FE9299EA9E858E1 /* Pods-Bracket Challenge.release.xcconfig */;
			buildSettings = {
				ASSETCATALOG_COMPILER_APPICON_NAME = AppIcon;
				CODE_SIGN_STYLE = Automatic;
				DEVELOPMENT_TEAM = 6K22884XC8;
				INFOPLIST_FILE = "Bracket Challenge/Info.plist";
				LD_RUNPATH_SEARCH_PATHS = (
					"$(inherited)",
					"@executable_path/Frameworks",
				);
				PRODUCT_BUNDLE_IDENTIFIER = "nategreat13.Bracket-Challenge";
				PRODUCT_NAME = "$(TARGET_NAME)";
				SWIFT_VERSION = 4.0;
				TARGETED_DEVICE_FAMILY = "1,2";
			};
			name = Release;
		};
/* End XCBuildConfiguration section */

/* Begin XCConfigurationList section */
		04D8BA6820ACEA1300C1EB75 /* Build configuration list for PBXProject "Bracket Challenge" */ = {
			isa = XCConfigurationList;
			buildConfigurations = (
				04D8BA7D20ACEA1400C1EB75 /* Debug */,
				04D8BA7E20ACEA1400C1EB75 /* Release */,
			);
			defaultConfigurationIsVisible = 0;
			defaultConfigurationName = Release;
		};
		04D8BA7F20ACEA1400C1EB75 /* Build configuration list for PBXNativeTarget "Bracket Challenge" */ = {
			isa = XCConfigurationList;
			buildConfigurations = (
				04D8BA8020ACEA1400C1EB75 /* Debug */,
				04D8BA8120ACEA1400C1EB75 /* Release */,
			);
			defaultConfigurationIsVisible = 0;
			defaultConfigurationName = Release;
		};
/* End XCConfigurationList section */
	};
	rootObject = 04D8BA6520ACEA1300C1EB75 /* Project object */;
}
